// !$*UTF8*$!
{
	archiveVersion = 1;
	classes = {
	};
	objectVersion = 48;
	objects = {

/* Begin PBXBuildFile section */
		14C995B6FC7BBDC0084EC38F /* Pods_ChatApp.framework in Frameworks */ = {isa = PBXBuildFile; fileRef = B085977CDE1950F1C45F7ADE /* Pods_ChatApp.framework */; };
		2114B9052082403B0099C979 /* LoginViewController.swift in Sources */ = {isa = PBXBuildFile; fileRef = 2114B9042082403B0099C979 /* LoginViewController.swift */; };
		2114B907208240590099C979 /* RegisterViewController.swift in Sources */ = {isa = PBXBuildFile; fileRef = 2114B906208240590099C979 /* RegisterViewController.swift */; };
		2114B909208240750099C979 /* ChatViewController.swift in Sources */ = {isa = PBXBuildFile; fileRef = 2114B908208240750099C979 /* ChatViewController.swift */; };
		2114B90C208242640099C979 /* GoogleService-Info.plist in Resources */ = {isa = PBXBuildFile; fileRef = 2114B90B208242640099C979 /* GoogleService-Info.plist */; };
		21B9E5662082485C00A52ACE /* MessageCell.xib in Resources */ = {isa = PBXBuildFile; fileRef = 21B9E5652082485C00A52ACE /* MessageCell.xib */; };
		21E3965B20823A17007F228A /* AppDelegate.swift in Sources */ = {isa = PBXBuildFile; fileRef = 21E3965A20823A17007F228A /* AppDelegate.swift */; };
		21E3965D20823A17007F228A /* WelcomeViewController.swift in Sources */ = {isa = PBXBuildFile; fileRef = 21E3965C20823A17007F228A /* WelcomeViewController.swift */; };
		21E3966220823A17007F228A /* Images.xcassets in Resources */ = {isa = PBXBuildFile; fileRef = 21E3966120823A17007F228A /* Images.xcassets */; };
		21E3966520823A17007F228A /* LaunchScreen.storyboard in Resources */ = {isa = PBXBuildFile; fileRef = 21E3966320823A17007F228A /* LaunchScreen.storyboard */; };
		21E3967020823BDE007F228A /* Main.storyboard in Resources */ = {isa = PBXBuildFile; fileRef = 21E3966F20823BDE007F228A /* Main.storyboard */; };
		21E3967220823BFC007F228A /* Message.swift in Sources */ = {isa = PBXBuildFile; fileRef = 21E3967120823BFC007F228A /* Message.swift */; };
		21E3967520823C3F007F228A /* CustomMessageCell.swift in Sources */ = {isa = PBXBuildFile; fileRef = 21E3967320823C3F007F228A /* CustomMessageCell.swift */; };
/* End PBXBuildFile section */

/* Begin PBXFileReference section */
		1879E01DCF9CF5194B85FE21 /* Pods-ChatApp.release.xcconfig */ = {isa = PBXFileReference; includeInIndex = 1; lastKnownFileType = text.xcconfig; name = "Pods-ChatApp.release.xcconfig"; path = "Pods/Target Support Files/Pods-ChatApp/Pods-ChatApp.release.xcconfig"; sourceTree = "<group>"; };
		2114B9042082403B0099C979 /* LoginViewController.swift */ = {isa = PBXFileReference; lastKnownFileType = sourcecode.swift; path = LoginViewController.swift; sourceTree = "<group>"; };
		2114B906208240590099C979 /* RegisterViewController.swift */ = {isa = PBXFileReference; lastKnownFileType = sourcecode.swift; path = RegisterViewController.swift; sourceTree = "<group>"; };
		2114B908208240750099C979 /* ChatViewController.swift */ = {isa = PBXFileReference; lastKnownFileType = sourcecode.swift; path = ChatViewController.swift; sourceTree = "<group>"; };
		2114B90B208242640099C979 /* GoogleService-Info.plist */ = {isa = PBXFileReference; fileEncoding = 4; lastKnownFileType = text.plist.xml; path = "GoogleService-Info.plist"; sourceTree = "<group>"; };
		21B9E5652082485C00A52ACE /* MessageCell.xib */ = {isa = PBXFileReference; fileEncoding = 4; lastKnownFileType = file.xib; path = MessageCell.xib; sourceTree = "<group>"; };
		21E3965720823A17007F228A /* ChatApp.app */ = {isa = PBXFileReference; explicitFileType = wrapper.application; includeInIndex = 0; path = ChatApp.app; sourceTree = BUILT_PRODUCTS_DIR; };
		21E3965A20823A17007F228A /* AppDelegate.swift */ = {isa = PBXFileReference; lastKnownFileType = sourcecode.swift; path = AppDelegate.swift; sourceTree = "<group>"; };
		21E3965C20823A17007F228A /* WelcomeViewController.swift */ = {isa = PBXFileReference; lastKnownFileType = sourcecode.swift; path = WelcomeViewController.swift; sourceTree = "<group>"; };
		21E3966120823A17007F228A /* Images.xcassets */ = {isa = PBXFileReference; lastKnownFileType = folder.assetcatalog; path = Images.xcassets; sourceTree = "<group>"; };
		21E3966420823A17007F228A /* Base */ = {isa = PBXFileReference; lastKnownFileType = file.storyboard; name = Base; path = Base.lproj/LaunchScreen.storyboard; sourceTree = "<group>"; };
		21E3966620823A17007F228A /* Info.plist */ = {isa = PBXFileReference; lastKnownFileType = text.plist.xml; path = Info.plist; sourceTree = "<group>"; };
		21E3966F20823BDE007F228A /* Main.storyboard */ = {isa = PBXFileReference; fileEncoding = 4; lastKnownFileType = file.storyboard; path = Main.storyboard; sourceTree = "<group>"; };
		21E3967120823BFC007F228A /* Message.swift */ = {isa = PBXFileReference; lastKnownFileType = sourcecode.swift; path = Message.swift; sourceTree = "<group>"; };
		21E3967320823C3F007F228A /* CustomMessageCell.swift */ = {isa = PBXFileReference; lastKnownFileType = sourcecode.swift; path = CustomMessageCell.swift; sourceTree = "<group>"; };
		6EAD2FEA226D8E86779F92A5 /* Pods-ChatApp.debug.xcconfig */ = {isa = PBXFileReference; includeInIndex = 1; lastKnownFileType = text.xcconfig; name = "Pods-ChatApp.debug.xcconfig"; path = "Pods/Target Support Files/Pods-ChatApp/Pods-ChatApp.debug.xcconfig"; sourceTree = "<group>"; };
		B085977CDE1950F1C45F7ADE /* Pods_ChatApp.framework */ = {isa = PBXFileReference; explicitFileType = wrapper.framework; includeInIndex = 0; path = Pods_ChatApp.framework; sourceTree = BUILT_PRODUCTS_DIR; };
/* End PBXFileReference section */

/* Begin PBXFrameworksBuildPhase section */
		21E3965420823A17007F228A /* Frameworks */ = {
			isa = PBXFrameworksBuildPhase;
			buildActionMask = 2147483647;
			files = (
				14C995B6FC7BBDC0084EC38F /* Pods_ChatApp.framework in Frameworks */,
			);
			runOnlyForDeploymentPostprocessing = 0;
		};
/* End PBXFrameworksBuildPhase section */

/* Begin PBXGroup section */
		21E3964E20823A17007F228A = {
			isa = PBXGroup;
			children = (
				21E3965920823A17007F228A /* ChatApp */,
				21E3965820823A17007F228A /* Products */,
				D2A382AAED1244A88640B165 /* Pods */,
				7FA083C6F1B9EE9222ADBF17 /* Frameworks */,
			);
			sourceTree = "<group>";
		};
		21E3965820823A17007F228A /* Products */ = {
			isa = PBXGroup;
			children = (
				21E3965720823A17007F228A /* ChatApp.app */,
			);
			name = Products;
			sourceTree = "<group>";
		};
		21E3965920823A17007F228A /* ChatApp */ = {
			isa = PBXGroup;
			children = (
				21E3966E20823A2C007F228A /* Controller */,
				21E3966D20823A26007F228A /* View */,
				21E3966C20823A1E007F228A /* Model */,
				21E3966120823A17007F228A /* Images.xcassets */,
				21E3966320823A17007F228A /* LaunchScreen.storyboard */,
				21E3966620823A17007F228A /* Info.plist */,
				2114B90B208242640099C979 /* GoogleService-Info.plist */,
			);
			path = ChatApp;
			sourceTree = "<group>";
		};
		21E3966C20823A1E007F228A /* Model */ = {
			isa = PBXGroup;
			children = (
				21E3967120823BFC007F228A /* Message.swift */,
			);
			path = Model;
			sourceTree = "<group>";
		};
		21E3966D20823A26007F228A /* View */ = {
			isa = PBXGroup;
			children = (
				21E3966F20823BDE007F228A /* Main.storyboard */,
				21E3967320823C3F007F228A /* CustomMessageCell.swift */,
				21B9E5652082485C00A52ACE /* MessageCell.xib */,
			);
			path = View;
			sourceTree = "<group>";
		};
		21E3966E20823A2C007F228A /* Controller */ = {
			isa = PBXGroup;
			children = (
				21E3965A20823A17007F228A /* AppDelegate.swift */,
				21E3965C20823A17007F228A /* WelcomeViewController.swift */,
				2114B9042082403B0099C979 /* LoginViewController.swift */,
				2114B906208240590099C979 /* RegisterViewController.swift */,
				2114B908208240750099C979 /* ChatViewController.swift */,
			);
			path = Controller;
			sourceTree = "<group>";
		};
		7FA083C6F1B9EE9222ADBF17 /* Frameworks */ = {
			isa = PBXGroup;
			children = (
				B085977CDE1950F1C45F7ADE /* Pods_ChatApp.framework */,
			);
			name = Frameworks;
			sourceTree = "<group>";
		};
		D2A382AAED1244A88640B165 /* Pods */ = {
			isa = PBXGroup;
			children = (
				6EAD2FEA226D8E86779F92A5 /* Pods-ChatApp.debug.xcconfig */,
				1879E01DCF9CF5194B85FE21 /* Pods-ChatApp.release.xcconfig */,
			);
			name = Pods;
			sourceTree = "<group>";
		};
/* End PBXGroup section */

/* Begin PBXNativeTarget section */
		21E3965620823A17007F228A /* ChatApp */ = {
			isa = PBXNativeTarget;
			buildConfigurationList = 21E3966920823A17007F228A /* Build configuration list for PBXNativeTarget "ChatApp" */;
			buildPhases = (
				B6347B88A62CADD027ACF7A0 /* [CP] Check Pods Manifest.lock */,
				21E3965320823A17007F228A /* Sources */,
				21E3965420823A17007F228A /* Frameworks */,
				21E3965520823A17007F228A /* Resources */,
				2AE97BCF35DF67C16D489632 /* [CP] Embed Pods Frameworks */,
				07D539E62BD15116CBDD4A82 /* [CP] Copy Pods Resources */,
			);
			buildRules = (
			);
			dependencies = (
			);
			name = ChatApp;
			productName = ChatApp;
			productReference = 21E3965720823A17007F228A /* ChatApp.app */;
			productType = "com.apple.product-type.application";
		};
/* End PBXNativeTarget section */

/* Begin PBXProject section */
		21E3964F20823A17007F228A /* Project object */ = {
			isa = PBXProject;
			attributes = {
				LastSwiftUpdateCheck = 0920;
				LastUpgradeCheck = 0920;
				ORGANIZATIONNAME = "Srdjan Djukanovic";
				TargetAttributes = {
					21E3965620823A17007F228A = {
						CreatedOnToolsVersion = 9.2;
						ProvisioningStyle = Automatic;
					};
				};
			};
			buildConfigurationList = 21E3965220823A17007F228A /* Build configuration list for PBXProject "ChatApp" */;
			compatibilityVersion = "Xcode 8.0";
			developmentRegion = en;
			hasScannedForEncodings = 0;
			knownRegions = (
				en,
				Base,
			);
			mainGroup = 21E3964E20823A17007F228A;
			productRefGroup = 21E3965820823A17007F228A /* Products */;
			projectDirPath = "";
			projectRoot = "";
			targets = (
				21E3965620823A17007F228A /* ChatApp */,
			);
		};
/* End PBXProject section */

/* Begin PBXResourcesBuildPhase section */
		21E3965520823A17007F228A /* Resources */ = {
			isa = PBXResourcesBuildPhase;
			buildActionMask = 2147483647;
			files = (
				21B9E5662082485C00A52ACE /* MessageCell.xib in Resources */,
				21E3967020823BDE007F228A /* Main.storyboard in Resources */,
				21E3966520823A17007F228A /* LaunchScreen.storyboard in Resources */,
				21E3966220823A17007F228A /* Images.xcassets in Resources */,
				2114B90C208242640099C979 /* GoogleService-Info.plist in Resources */,
			);
			runOnlyForDeploymentPostprocessing = 0;
		};
/* End PBXResourcesBuildPhase section */

/* Begin PBXShellScriptBuildPhase section */
		07D539E62BD15116CBDD4A82 /* [CP] Copy Pods Resources */ = {
			isa = PBXShellScriptBuildPhase;
			buildActionMask = 2147483647;
			files = (
			);
			inputPaths = (
			);
			name = "[CP] Copy Pods Resources";
			outputPaths = (
			);
			runOnlyForDeploymentPostprocessing = 0;
			shellPath = /bin/sh;
			shellScript = "\"${SRCROOT}/Pods/Target Support Files/Pods-ChatApp/Pods-ChatApp-resources.sh\"\n";
			showEnvVarsInLog = 0;
		};
		2AE97BCF35DF67C16D489632 /* [CP] Embed Pods Frameworks */ = {
			isa = PBXShellScriptBuildPhase;
			buildActionMask = 2147483647;
			files = (
			);
			inputPaths = (
				"${SRCROOT}/Pods/Target Support Files/Pods-ChatApp/Pods-ChatApp-frameworks.sh",
				"${BUILT_PRODUCTS_DIR}/ChameleonFramework/ChameleonFramework.framework",
				"${BUILT_PRODUCTS_DIR}/GTMSessionFetcher/GTMSessionFetcher.framework",
				"${BUILT_PRODUCTS_DIR}/GoogleToolboxForMac/GoogleToolboxForMac.framework",
				"${BUILT_PRODUCTS_DIR}/SVProgressHUD/SVProgressHUD.framework",
				"${BUILT_PRODUCTS_DIR}/leveldb-library/leveldb.framework",
				"${BUILT_PRODUCTS_DIR}/nanopb/nanopb.framework",
			);
			name = "[CP] Embed Pods Frameworks";
			outputPaths = (
				"${TARGET_BUILD_DIR}/${FRAMEWORKS_FOLDER_PATH}/ChameleonFramework.framework",
				"${TARGET_BUILD_DIR}/${FRAMEWORKS_FOLDER_PATH}/GTMSessionFetcher.framework",
				"${TARGET_BUILD_DIR}/${FRAMEWORKS_FOLDER_PATH}/GoogleToolboxForMac.framework",
				"${TARGET_BUILD_DIR}/${FRAMEWORKS_FOLDER_PATH}/SVProgressHUD.framework",
				"${TARGET_BUILD_DIR}/${FRAMEWORKS_FOLDER_PATH}/leveldb.framework",
				"${TARGET_BUILD_DIR}/${FRAMEWORKS_FOLDER_PATH}/nanopb.framework",
			);
			runOnlyForDeploymentPostprocessing = 0;
			shellPath = /bin/sh;
			shellScript = "\"${SRCROOT}/Pods/Target Support Files/Pods-ChatApp/Pods-ChatApp-frameworks.sh\"\n";
			showEnvVarsInLog = 0;
		};
		B6347B88A62CADD027ACF7A0 /* [CP] Check Pods Manifest.lock */ = {
			isa = PBXShellScriptBuildPhase;
			buildActionMask = 2147483647;
			files = (
			);
			inputPaths = (
				"${PODS_PODFILE_DIR_PATH}/Podfile.lock",
				"${PODS_ROOT}/Manifest.lock",
			);
			name = "[CP] Check Pods Manifest.lock";
			outputPaths = (
				"$(DERIVED_FILE_DIR)/Pods-ChatApp-checkManifestLockResult.txt",
			);
			runOnlyForDeploymentPostprocessing = 0;
			shellPath = /bin/sh;
			shellScript = "diff \"${PODS_PODFILE_DIR_PATH}/Podfile.lock\" \"${PODS_ROOT}/Manifest.lock\" > /dev/null\nif [ $? != 0 ] ; then\n    # print error to STDERR\n    echo \"error: The sandbox is not in sync with the Podfile.lock. Run 'pod install' or update your CocoaPods installation.\" >&2\n    exit 1\nfi\n# This output is used by Xcode 'outputs' to avoid re-running this script phase.\necho \"SUCCESS\" > \"${SCRIPT_OUTPUT_FILE_0}\"\n";
			showEnvVarsInLog = 0;
		};
/* End PBXShellScriptBuildPhase section */

/* Begin PBXSourcesBuildPhase section */
		21E3965320823A17007F228A /* Sources */ = {
			isa = PBXSourcesBuildPhase;
			buildActionMask = 2147483647;
			files = (
				21E3967220823BFC007F228A /* Message.swift in Sources */,
				21E3965D20823A17007F228A /* WelcomeViewController.swift in Sources */,
				21E3967520823C3F007F228A /* CustomMessageCell.swift in Sources */,
				2114B909208240750099C979 /* ChatViewController.swift in Sources */,
				2114B907208240590099C979 /* RegisterViewController.swift in Sources */,
				2114B9052082403B0099C979 /* LoginViewController.swift in Sources */,
				21E3965B20823A17007F228A /* AppDelegate.swift in Sources */,
			);
			runOnlyForDeploymentPostprocessing = 0;
		};
/* End PBXSourcesBuildPhase section */

/* Begin PBXVariantGroup section */
		21E3966320823A17007F228A /* LaunchScreen.storyboard */ = {
			isa = PBXVariantGroup;
			children = (
				21E3966420823A17007F228A /* Base */,
			);
			name = LaunchScreen.storyboard;
			sourceTree = "<group>";
		};
/* End PBXVariantGroup section */

/* Begin XCBuildConfiguration section */
		21E3966720823A17007F228A /* Debug */ = {
			isa = XCBuildConfiguration;
			buildSettings = {
				ALWAYS_SEARCH_USER_PATHS = NO;
				CLANG_ANALYZER_NONNULL = YES;
				CLANG_ANALYZER_NUMBER_OBJECT_CONVERSION = YES_AGGRESSIVE;
				CLANG_CXX_LANGUAGE_STANDARD = "gnu++14";
				CLANG_CXX_LIBRARY = "libc++";
				CLANG_ENABLE_MODULES = YES;
				CLANG_ENABLE_OBJC_ARC = YES;
				CLANG_WARN_BLOCK_CAPTURE_AUTORELEASING = YES;
				CLANG_WARN_BOOL_CONVERSION = YES;
				CLANG_WARN_COMMA = YES;
				CLANG_WARN_CONSTANT_CONVERSION = YES;
				CLANG_WARN_DIRECT_OBJC_ISA_USAGE = YES_ERROR;
				CLANG_WARN_DOCUMENTATION_COMMENTS = YES;
				CLANG_WARN_EMPTY_BODY = YES;
				CLANG_WARN_ENUM_CONVERSION = YES;
				CLANG_WARN_INFINITE_RECURSION = YES;
				CLANG_WARN_INT_CONVERSION = YES;
				CLANG_WARN_NON_LITERAL_NULL_CONVERSION = YES;
				CLANG_WARN_OBJC_LITERAL_CONVERSION = YES;
				CLANG_WARN_OBJC_ROOT_CLASS = YES_ERROR;
				CLANG_WARN_RANGE_LOOP_ANALYSIS = YES;
				CLANG_WARN_STRICT_PROTOTYPES = YES;
				CLANG_WARN_SUSPICIOUS_MOVE = YES;
				CLANG_WARN_UNGUARDED_AVAILABILITY = YES_AGGRESSIVE;
				CLANG_WARN_UNREACHABLE_CODE = YES;
				CLANG_WARN__DUPLICATE_METHOD_MATCH = YES;
				CODE_SIGN_IDENTITY = "iPhone Developer";
				COPY_PHASE_STRIP = NO;
				DEBUG_INFORMATION_FORMAT = dwarf;
				ENABLE_STRICT_OBJC_MSGSEND = YES;
				ENABLE_TESTABILITY = YES;
				GCC_C_LANGUAGE_STANDARD = gnu11;
				GCC_DYNAMIC_NO_PIC = NO;
				GCC_NO_COMMON_BLOCKS = YES;
				GCC_OPTIMIZATION_LEVEL = 0;
				GCC_PREPROCESSOR_DEFINITIONS = (
					"DEBUG=1",
					"$(inherited)",
				);
				GCC_WARN_64_TO_32_BIT_CONVERSION = YES;
				GCC_WARN_ABOUT_RETURN_TYPE = YES_ERROR;
				GCC_WARN_UNDECLARED_SELECTOR = YES;
				GCC_WARN_UNINITIALIZED_AUTOS = YES_AGGRESSIVE;
				GCC_WARN_UNUSED_FUNCTION = YES;
				GCC_WARN_UNUSED_VARIABLE = YES;
				IPHONEOS_DEPLOYMENT_TARGET = 11.2;
				MTL_ENABLE_DEBUG_INFO = YES;
				ONLY_ACTIVE_ARCH = YES;
				SDKROOT = iphoneos;
				SWIFT_ACTIVE_COMPILATION_CONDITIONS = DEBUG;
				SWIFT_OPTIMIZATION_LEVEL = "-Onone";
			};
			name = Debug;
		};
		21E3966820823A17007F228A /* Release */ = {
			isa = XCBuildConfiguration;
			buildSettings = {
				ALWAYS_SEARCH_USER_PATHS = NO;
				CLANG_ANALYZER_NONNULL = YES;
				CLANG_ANALYZER_NUMBER_OBJECT_CONVERSION = YES_AGGRESSIVE;
				CLANG_CXX_LANGUAGE_STANDARD = "gnu++14";
				CLANG_CXX_LIBRARY = "libc++";
				CLANG_ENABLE_MODULES = YES;
				CLANG_ENABLE_OBJC_ARC = YES;
				CLANG_WARN_BLOCK_CAPTURE_AUTORELEASING = YES;
				CLANG_WARN_BOOL_CONVERSION = YES;
				CLANG_WARN_COMMA = YES;
				CLANG_WARN_CONSTANT_CONVERSION = YES;
				CLANG_WARN_DIRECT_OBJC_ISA_USAGE = YES_ERROR;
				CLANG_WARN_DOCUMENTATION_COMMENTS = YES;
				CLANG_WARN_EMPTY_BODY = YES;
				CLANG_WARN_ENUM_CONVERSION = YES;
				CLANG_WARN_INFINITE_RECURSION = YES;
				CLANG_WARN_INT_CONVERSION = YES;
				CLANG_WARN_NON_LITERAL_NULL_CONVERSION = YES;
				CLANG_WARN_OBJC_LITERAL_CONVERSION = YES;
				CLANG_WARN_OBJC_ROOT_CLASS = YES_ERROR;
				CLANG_WARN_RANGE_LOOP_ANALYSIS = YES;
				CLANG_WARN_STRICT_PROTOTYPES = YES;
				CLANG_WARN_SUSPICIOUS_MOVE = YES;
				CLANG_WARN_UNGUARDED_AVAILABILITY = YES_AGGRESSIVE;
				CLANG_WARN_UNREACHABLE_CODE = YES;
				CLANG_WARN__DUPLICATE_METHOD_MATCH = YES;
				CODE_SIGN_IDENTITY = "iPhone Developer";
				COPY_PHASE_STRIP = NO;
				DEBUG_INFORMATION_FORMAT = "dwarf-with-dsym";
				ENABLE_NS_ASSERTIONS = NO;
				ENABLE_STRICT_OBJC_MSGSEND = YES;
				GCC_C_LANGUAGE_STANDARD = gnu11;
				GCC_NO_COMMON_BLOCKS = YES;
				GCC_WARN_64_TO_32_BIT_CONVERSION = YES;
				GCC_WARN_ABOUT_RETURN_TYPE = YES_ERROR;
				GCC_WARN_UNDECLARED_SELECTOR = YES;
				GCC_WARN_UNINITIALIZED_AUTOS = YES_AGGRESSIVE;
				GCC_WARN_UNUSED_FUNCTION = YES;
				GCC_WARN_UNUSED_VARIABLE = YES;
				IPHONEOS_DEPLOYMENT_TARGET = 11.2;
				MTL_ENABLE_DEBUG_INFO = NO;
				SDKROOT = iphoneos;
				SWIFT_OPTIMIZATION_LEVEL = "-Owholemodule";
				VALIDATE_PRODUCT = YES;
			};
			name = Release;
		};
		21E3966A20823A17007F228A /* Debug */ = {
			isa = XCBuildConfiguration;
			baseConfigurationReference = 6EAD2FEA226D8E86779F92A5 /* Pods-ChatApp.debug.xcconfig */;
			buildSettings = {
				ASSETCATALOG_COMPILER_APPICON_NAME = AppIcon;
				CODE_SIGN_STYLE = Automatic;
				INFOPLIST_FILE = ChatApp/Info.plist;
				LD_RUNPATH_SEARCH_PATHS = "$(inherited) @executable_path/Frameworks";
				PRODUCT_BUNDLE_IDENTIFIER = com.ChatApp;
				PRODUCT_NAME = "$(TARGET_NAME)";
				SWIFT_VERSION = 4.0;
				TARGETED_DEVICE_FAMILY = "1,2";
			};
			name = Debug;
		};
		21E3966B20823A17007F228A /* Release */ = {
			isa = XCBuildConfiguration;
			baseConfigurationReference = 1879E01DCF9CF5194B85FE21 /* Pods-ChatApp.release.xcconfig */;
			buildSettings = {
				ASSETCATALOG_COMPILER_APPICON_NAME = AppIcon;
				CODE_SIGN_STYLE = Automatic;
				INFOPLIST_FILE = ChatApp/Info.plist;
				LD_RUNPATH_SEARCH_PATHS = "$(inherited) @executable_path/Frameworks";
				PRODUCT_BUNDLE_IDENTIFIER = com.ChatApp;
				PRODUCT_NAME = "$(TARGET_NAME)";
				SWIFT_VERSION = 4.0;
				TARGETED_DEVICE_FAMILY = "1,2";
			};
			name = Release;
		};
/* End XCBuildConfiguration section */

/* Begin XCConfigurationList section */
		21E3965220823A17007F228A /* Build configuration list for PBXProject "ChatApp" */ = {
			isa = XCConfigurationList;
			buildConfigurations = (
				21E3966720823A17007F228A /* Debug */,
				21E3966820823A17007F228A /* Release */,
			);
			defaultConfigurationIsVisible = 0;
			defaultConfigurationName = Release;
		};
		21E3966920823A17007F228A /* Build configuration list for PBXNativeTarget "ChatApp" */ = {
			isa = XCConfigurationList;
			buildConfigurations = (
				21E3966A20823A17007F228A /* Debug */,
				21E3966B20823A17007F228A /* Release */,
			);
			defaultConfigurationIsVisible = 0;
			defaultConfigurationName = Release;
		};
/* End XCConfigurationList section */
	};
	rootObject = 21E3964F20823A17007F228A /* Project object */;
}
